
Microsoft Visual Studio Solution File, Format Version 12.00
# Visual Studio 15
VisualStudioVersion = 15.0.28307.645
MinimumVisualStudioVersion = 10.0.40219.1
Project("{2150E333-8FDC-42A3-9474-1A3956D46DE8}") = "src", "src", "{10F327D9-2E26-4747-B714-24ECF7C9CFCC}"
EndProject
Project("{2150E333-8FDC-42A3-9474-1A3956D46DE8}") = "tests", "tests", "{3AC698D6-ED67-4C58-83C7-ED2BD46472F5}"
EndProject
Project("{9A19103F-16F7-4668-BE54-9A1E7A4F7556}") = "Cmdty.Storage.Core", "src\Cmdty.Storage.Core\Cmdty.Storage.Core.csproj", "{276FC664-A2BF-4507-B981-EBA47A0CC6E0}"
EndProject
Project("{9A19103F-16F7-4668-BE54-9A1E7A4F7556}") = "Cmdty.Storage.Intrinsic", "src\Cmdty.Storage.Intrinsic\Cmdty.Storage.Intrinsic.csproj", "{4B5791F4-C70A-4266-845F-73F771656BDF}"
EndProject
Project("{9A19103F-16F7-4668-BE54-9A1E7A4F7556}") = "Cmdty.Storage.Core.Test", "tests\Cmdty.Storage.Core.Test\Cmdty.Storage.Core.Test.csproj", "{C361C95E-E363-4548-B206-DFA715826607}"
EndProject
Project("{2150E333-8FDC-42A3-9474-1A3956D46DE8}") = "Solution Items", "Solution Items", "{D3F154D7-4D1B-4688-8799-EF7D5ACFABAE}"
	ProjectSection(SolutionItems) = preProject
		azure-pipelines.yml = azure-pipelines.yml
		build.cake = build.cake
		build.ps1 = build.ps1
		build.sh = build.sh
		cake.config = cake.config
		Directory.Build.props = Directory.Build.props
		version.props = version.props
	EndProjectSection
EndProject
Project("{888888A0-9F3D-457C-B088-3A5042F75D52}") = "Cmdty.Storage.Python", "src\Cmdty.Storage.Python\Cmdty.Storage.Python.pyproj", "{21DBF96B-40ED-4DC2-AFE1-0BC170FFF2D3}"
EndProject
Global
	GlobalSection(SolutionConfigurationPlatforms) = preSolution
		Debug|Any CPU = Debug|Any CPU
		Release|Any CPU = Release|Any CPU
	EndGlobalSection
	GlobalSection(ProjectConfigurationPlatforms) = postSolution
		{276FC664-A2BF-4507-B981-EBA47A0CC6E0}.Debug|Any CPU.ActiveCfg = Debug|Any CPU
		{276FC664-A2BF-4507-B981-EBA47A0CC6E0}.Debug|Any CPU.Build.0 = Debug|Any CPU
		{276FC664-A2BF-4507-B981-EBA47A0CC6E0}.Release|Any CPU.ActiveCfg = Release|Any CPU
		{276FC664-A2BF-4507-B981-EBA47A0CC6E0}.Release|Any CPU.Build.0 = Release|Any CPU
		{4B5791F4-C70A-4266-845F-73F771656BDF}.Debug|Any CPU.ActiveCfg = Debug|Any CPU
		{4B5791F4-C70A-4266-845F-73F771656BDF}.Debug|Any CPU.Build.0 = Debug|Any CPU
		{4B5791F4-C70A-4266-845F-73F771656BDF}.Release|Any CPU.ActiveCfg = Release|Any CPU
		{4B5791F4-C70A-4266-845F-73F771656BDF}.Release|Any CPU.Build.0 = Release|Any CPU
		{C361C95E-E363-4548-B206-DFA715826607}.Debug|Any CPU.ActiveCfg = Debug|Any CPU
		{C361C95E-E363-4548-B206-DFA715826607}.Debug|Any CPU.Build.0 = Debug|Any CPU
		{C361C95E-E363-4548-B206-DFA715826607}.Release|Any CPU.ActiveCfg = Release|Any CPU
		{C361C95E-E363-4548-B206-DFA715826607}.Release|Any CPU.Build.0 = Release|Any CPU
		{21DBF96B-40ED-4DC2-AFE1-0BC170FFF2D3}.Debug|Any CPU.ActiveCfg = Debug|Any CPU
		{21DBF96B-40ED-4DC2-AFE1-0BC170FFF2D3}.Release|Any CPU.ActiveCfg = Release|Any CPU
	EndGlobalSection
	GlobalSection(SolutionProperties) = preSolution
		HideSolutionNode = FALSE
	EndGlobalSection
	GlobalSection(NestedProjects) = preSolution
		{276FC664-A2BF-4507-B981-EBA47A0CC6E0} = {10F327D9-2E26-4747-B714-24ECF7C9CFCC}
		{4B5791F4-C70A-4266-845F-73F771656BDF} = {10F327D9-2E26-4747-B714-24ECF7C9CFCC}
		{C361C95E-E363-4548-B206-DFA715826607} = {3AC698D6-ED67-4C58-83C7-ED2BD46472F5}
		{21DBF96B-40ED-4DC2-AFE1-0BC170FFF2D3} = {10F327D9-2E26-4747-B714-24ECF7C9CFCC}
	EndGlobalSection
	GlobalSection(ExtensibilityGlobals) = postSolution
		SolutionGuid = {32876876-339D-4624-8B79-387C508559B1}
	EndGlobalSection
EndGlobal
